// !$*UTF8*$!
{
	archiveVersion = 1;
	classes = {
	};
	objectVersion = 50;
	objects = {

/* Begin PBXBuildFile section */
		53117582243FD082005BB73D /* FontHeightAdjustableLabel.swift in Sources */ = {isa = PBXBuildFile; fileRef = 53117581243FD082005BB73D /* FontHeightAdjustableLabel.swift */; };
		53117585243FD35A005BB73D /* StrExt.swift in Sources */ = {isa = PBXBuildFile; fileRef = 53117584243FD35A005BB73D /* StrExt.swift */; };
		535F66B92442641600C33355 /* JobDescriptionViewController.swift in Sources */ = {isa = PBXBuildFile; fileRef = 535F66B82442641600C33355 /* JobDescriptionViewController.swift */; };
		539A4923243BBA670011AEB4 /* AppDelegate.swift in Sources */ = {isa = PBXBuildFile; fileRef = 539A4922243BBA670011AEB4 /* AppDelegate.swift */; };
		539A4925243BBA670011AEB4 /* SceneDelegate.swift in Sources */ = {isa = PBXBuildFile; fileRef = 539A4924243BBA670011AEB4 /* SceneDelegate.swift */; };
		539A4927243BBA670011AEB4 /* TableViewController.swift in Sources */ = {isa = PBXBuildFile; fileRef = 539A4926243BBA670011AEB4 /* TableViewController.swift */; };
		539A492A243BBA670011AEB4 /* Main.storyboard in Resources */ = {isa = PBXBuildFile; fileRef = 539A4928243BBA670011AEB4 /* Main.storyboard */; };
		539A492C243BBA680011AEB4 /* Assets.xcassets in Resources */ = {isa = PBXBuildFile; fileRef = 539A492B243BBA680011AEB4 /* Assets.xcassets */; };
		539A492F243BBA680011AEB4 /* LaunchScreen.storyboard in Resources */ = {isa = PBXBuildFile; fileRef = 539A492D243BBA680011AEB4 /* LaunchScreen.storyboard */; };
		539A4938243BCE150011AEB4 /* FirstTableViewCell.swift in Sources */ = {isa = PBXBuildFile; fileRef = 539A4937243BCE150011AEB4 /* FirstTableViewCell.swift */; };
		53A79321243D44770084AD6F /* FontSizer.swift in Sources */ = {isa = PBXBuildFile; fileRef = 53A79320243D44770084AD6F /* FontSizer.swift */; };
		53C205B224432D8800C368AB /* UILabelExt.swift in Sources */ = {isa = PBXBuildFile; fileRef = 53C205B124432D8800C368AB /* UILabelExt.swift */; };
		602EA7E1244B3D6900CA591E /* User.swift in Sources */ = {isa = PBXBuildFile; fileRef = 602EA7E0244B3D6900CA591E /* User.swift */; };
		6050E28C244E0B0D00F2D802 /* UsersThatAppliedTableTableViewController.swift in Sources */ = {isa = PBXBuildFile; fileRef = 6050E28B244E0B0D00F2D802 /* UsersThatAppliedTableTableViewController.swift */; };
		6050E28E244E0B2F00F2D802 /* UserTableViewCell.swift in Sources */ = {isa = PBXBuildFile; fileRef = 6050E28D244E0B2F00F2D802 /* UserTableViewCell.swift */; };
		6050E291244E11F600F2D802 /* UserThatAppliedDescriptionViewController.swift in Sources */ = {isa = PBXBuildFile; fileRef = 6050E290244E11F600F2D802 /* UserThatAppliedDescriptionViewController.swift */; };
		6050E294244E269000F2D802 /* EmployerProfileViewController.swift in Sources */ = {isa = PBXBuildFile; fileRef = 6050E293244E269000F2D802 /* EmployerProfileViewController.swift */; };
		605A21EB244E51E900B202B3 /* NotificationsTableViewController.swift in Sources */ = {isa = PBXBuildFile; fileRef = 605A21EA244E51E900B202B3 /* NotificationsTableViewController.swift */; };
		6065FFD22449A80E00892644 /* DataBase.swift in Sources */ = {isa = PBXBuildFile; fileRef = 6065FFD12449A80E00892644 /* DataBase.swift */; };
		606999D2244DDEEB0094977D /* NewJobViewController.swift in Sources */ = {isa = PBXBuildFile; fileRef = 606999D1244DDEEB0094977D /* NewJobViewController.swift */; };
		606BFF9A244B11F600963DC0 /* EmployeeProfileViewController.swift in Sources */ = {isa = PBXBuildFile; fileRef = 606BFF99244B11F600963DC0 /* EmployeeProfileViewController.swift */; };
		608F5AEB244B91F30057835B /* CahngePasswordViewController.swift in Sources */ = {isa = PBXBuildFile; fileRef = 608F5AEA244B91F30057835B /* CahngePasswordViewController.swift */; };
		60AB1034244CE02500721F47 /* LoginViewController.swift in Sources */ = {isa = PBXBuildFile; fileRef = 60AB1033244CE02500721F47 /* LoginViewController.swift */; };
		60AF14B7244EE5780011642E /* EmployeeTabBarViewController.swift in Sources */ = {isa = PBXBuildFile; fileRef = 60AF14B6244EE5780011642E /* EmployeeTabBarViewController.swift */; };
		60E3DC432449F692006A750A /* AppliedTableViewController.swift in Sources */ = {isa = PBXBuildFile; fileRef = 60E3DC422449F692006A750A /* AppliedTableViewController.swift */; };
		60E3DC462449F717006A750A /* AppliedJobDescriptionView.swift in Sources */ = {isa = PBXBuildFile; fileRef = 60E3DC452449F717006A750A /* AppliedJobDescriptionView.swift */; };
		60EB40C7244DA4A100E51BE1 /* EmployerJobsTableViewController.swift in Sources */ = {isa = PBXBuildFile; fileRef = 60EB40C6244DA4A100E51BE1 /* EmployerJobsTableViewController.swift */; };
		60EB40C9244DA82600E51BE1 /* Employer.swift in Sources */ = {isa = PBXBuildFile; fileRef = 60EB40C8244DA82600E51BE1 /* Employer.swift */; };
		60EB40CC244DB26000E51BE1 /* EmployerJobDescriptionViewController.swift in Sources */ = {isa = PBXBuildFile; fileRef = 60EB40CB244DB26000E51BE1 /* EmployerJobDescriptionViewController.swift */; };
		610F21E024479B11002F6C40 /* NavigationController.swift in Sources */ = {isa = PBXBuildFile; fileRef = 610F21DF24479B11002F6C40 /* NavigationController.swift */; };
		6134F9592448FBD3004E4B1A /* Job.swift in Sources */ = {isa = PBXBuildFile; fileRef = 6134F9582448FBD3004E4B1A /* Job.swift */; };
/* End PBXBuildFile section */

/* Begin PBXFileReference section */
		53117581243FD082005BB73D /* FontHeightAdjustableLabel.swift */ = {isa = PBXFileReference; lastKnownFileType = sourcecode.swift; path = FontHeightAdjustableLabel.swift; sourceTree = "<group>"; };
		53117584243FD35A005BB73D /* StrExt.swift */ = {isa = PBXFileReference; lastKnownFileType = sourcecode.swift; path = StrExt.swift; sourceTree = "<group>"; };
		535F66B82442641600C33355 /* JobDescriptionViewController.swift */ = {isa = PBXFileReference; lastKnownFileType = sourcecode.swift; path = JobDescriptionViewController.swift; sourceTree = "<group>"; };
		539A491F243BBA670011AEB4 /* Timofte_Eusebiu_353.app */ = {isa = PBXFileReference; explicitFileType = wrapper.application; includeInIndex = 0; path = Timofte_Eusebiu_353.app; sourceTree = BUILT_PRODUCTS_DIR; };
		539A4922243BBA670011AEB4 /* AppDelegate.swift */ = {isa = PBXFileReference; lastKnownFileType = sourcecode.swift; path = AppDelegate.swift; sourceTree = "<group>"; };
		539A4924243BBA670011AEB4 /* SceneDelegate.swift */ = {isa = PBXFileReference; lastKnownFileType = sourcecode.swift; path = SceneDelegate.swift; sourceTree = "<group>"; };
		539A4926243BBA670011AEB4 /* TableViewController.swift */ = {isa = PBXFileReference; lastKnownFileType = sourcecode.swift; path = TableViewController.swift; sourceTree = "<group>"; };
		539A4929243BBA670011AEB4 /* Base */ = {isa = PBXFileReference; lastKnownFileType = file.storyboard; name = Base; path = Base.lproj/Main.storyboard; sourceTree = "<group>"; };
		539A492B243BBA680011AEB4 /* Assets.xcassets */ = {isa = PBXFileReference; lastKnownFileType = folder.assetcatalog; path = Assets.xcassets; sourceTree = "<group>"; };
		539A492E243BBA680011AEB4 /* Base */ = {isa = PBXFileReference; lastKnownFileType = file.storyboard; name = Base; path = Base.lproj/LaunchScreen.storyboard; sourceTree = "<group>"; };
		539A4930243BBA680011AEB4 /* Info.plist */ = {isa = PBXFileReference; lastKnownFileType = text.plist.xml; path = Info.plist; sourceTree = "<group>"; };
		539A4937243BCE150011AEB4 /* FirstTableViewCell.swift */ = {isa = PBXFileReference; lastKnownFileType = sourcecode.swift; path = FirstTableViewCell.swift; sourceTree = "<group>"; };
		53A79320243D44770084AD6F /* FontSizer.swift */ = {isa = PBXFileReference; lastKnownFileType = sourcecode.swift; path = FontSizer.swift; sourceTree = "<group>"; };
		53C205B124432D8800C368AB /* UILabelExt.swift */ = {isa = PBXFileReference; lastKnownFileType = sourcecode.swift; path = UILabelExt.swift; sourceTree = "<group>"; };
		602EA7E0244B3D6900CA591E /* User.swift */ = {isa = PBXFileReference; lastKnownFileType = sourcecode.swift; path = User.swift; sourceTree = "<group>"; };
		6050E28B244E0B0D00F2D802 /* UsersThatAppliedTableTableViewController.swift */ = {isa = PBXFileReference; lastKnownFileType = sourcecode.swift; path = UsersThatAppliedTableTableViewController.swift; sourceTree = "<group>"; };
		6050E28D244E0B2F00F2D802 /* UserTableViewCell.swift */ = {isa = PBXFileReference; lastKnownFileType = sourcecode.swift; path = UserTableViewCell.swift; sourceTree = "<group>"; };
		6050E290244E11F600F2D802 /* UserThatAppliedDescriptionViewController.swift */ = {isa = PBXFileReference; lastKnownFileType = sourcecode.swift; path = UserThatAppliedDescriptionViewController.swift; sourceTree = "<group>"; };
		6050E293244E269000F2D802 /* EmployerProfileViewController.swift */ = {isa = PBXFileReference; lastKnownFileType = sourcecode.swift; path = EmployerProfileViewController.swift; sourceTree = "<group>"; };
		605A21EA244E51E900B202B3 /* NotificationsTableViewController.swift */ = {isa = PBXFileReference; lastKnownFileType = sourcecode.swift; path = NotificationsTableViewController.swift; sourceTree = "<group>"; };
		6065FFD12449A80E00892644 /* DataBase.swift */ = {isa = PBXFileReference; lastKnownFileType = sourcecode.swift; path = DataBase.swift; sourceTree = "<group>"; };
		606999D1244DDEEB0094977D /* NewJobViewController.swift */ = {isa = PBXFileReference; lastKnownFileType = sourcecode.swift; path = NewJobViewController.swift; sourceTree = "<group>"; };
		606BFF99244B11F600963DC0 /* EmployeeProfileViewController.swift */ = {isa = PBXFileReference; lastKnownFileType = sourcecode.swift; path = EmployeeProfileViewController.swift; sourceTree = "<group>"; };
		608F5AE8244B82CE0057835B /* Timofte_Eusebiu_353.entitlements */ = {isa = PBXFileReference; lastKnownFileType = text.plist.entitlements; path = Timofte_Eusebiu_353.entitlements; sourceTree = "<group>"; };
		608F5AEA244B91F30057835B /* CahngePasswordViewController.swift */ = {isa = PBXFileReference; lastKnownFileType = sourcecode.swift; path = CahngePasswordViewController.swift; sourceTree = "<group>"; };
		60AB1033244CE02500721F47 /* LoginViewController.swift */ = {isa = PBXFileReference; lastKnownFileType = sourcecode.swift; path = LoginViewController.swift; sourceTree = "<group>"; };
		60AF14B6244EE5780011642E /* EmployeeTabBarViewController.swift */ = {isa = PBXFileReference; lastKnownFileType = sourcecode.swift; path = EmployeeTabBarViewController.swift; sourceTree = "<group>"; };
		60E3DC422449F692006A750A /* AppliedTableViewController.swift */ = {isa = PBXFileReference; lastKnownFileType = sourcecode.swift; path = AppliedTableViewController.swift; sourceTree = "<group>"; };
		60E3DC452449F717006A750A /* AppliedJobDescriptionView.swift */ = {isa = PBXFileReference; lastKnownFileType = sourcecode.swift; path = AppliedJobDescriptionView.swift; sourceTree = "<group>"; };
		60EB40C6244DA4A100E51BE1 /* EmployerJobsTableViewController.swift */ = {isa = PBXFileReference; lastKnownFileType = sourcecode.swift; path = EmployerJobsTableViewController.swift; sourceTree = "<group>"; };
		60EB40C8244DA82600E51BE1 /* Employer.swift */ = {isa = PBXFileReference; lastKnownFileType = sourcecode.swift; path = Employer.swift; sourceTree = "<group>"; };
		60EB40CB244DB26000E51BE1 /* EmployerJobDescriptionViewController.swift */ = {isa = PBXFileReference; lastKnownFileType = sourcecode.swift; path = EmployerJobDescriptionViewController.swift; sourceTree = "<group>"; };
		610F21DF24479B11002F6C40 /* NavigationController.swift */ = {isa = PBXFileReference; lastKnownFileType = sourcecode.swift; path = NavigationController.swift; sourceTree = "<group>"; };
		6134F9582448FBD3004E4B1A /* Job.swift */ = {isa = PBXFileReference; lastKnownFileType = sourcecode.swift; path = Job.swift; sourceTree = "<group>"; };
/* End PBXFileReference section */

/* Begin PBXFrameworksBuildPhase section */
		539A491C243BBA670011AEB4 /* Frameworks */ = {
			isa = PBXFrameworksBuildPhase;
			buildActionMask = 2147483647;
			files = (
			);
			runOnlyForDeploymentPostprocessing = 0;
		};
/* End PBXFrameworksBuildPhase section */

/* Begin PBXGroup section */
		53117583243FD345005BB73D /* Extensions */ = {
			isa = PBXGroup;
			children = (
				53117584243FD35A005BB73D /* StrExt.swift */,
				53C205B124432D8800C368AB /* UILabelExt.swift */,
			);
			path = Extensions;
			sourceTree = "<group>";
		};
		535F66B62442639A00C33355 /* JobDescriptionView */ = {
			isa = PBXGroup;
			children = (
				535F66B82442641600C33355 /* JobDescriptionViewController.swift */,
			);
			path = JobDescriptionView;
			sourceTree = "<group>";
		};
		535F66B7244263C000C33355 /* Pages */ = {
			isa = PBXGroup;
			children = (
				60AF14B5244EE5500011642E /* EmployeeTabBar */,
				605A21E9244E51AD00B202B3 /* NotificationsScene */,
				6050E292244E267600F2D802 /* Employer Profile Scene */,
				6050E28F244E11CC00F2D802 /* UserThatAppliedDescription */,
				6050E28A244E0AB100F2D802 /* UsersThatApplied */,
				606999D0244DDEA80094977D /* NewJobScene */,
				60EB40CA244DB22C00E51BE1 /* EmployerJobDescriptionView */,
				60EB40C5244DA46D00E51BE1 /* EmployerJobsController */,
				60AB1032244CE00C00721F47 /* Login */,
				608F5AE9244B91C60057835B /* EmployeeChangePassword */,
				606BFF98244B11A900963DC0 /* EmployeeProfile */,
				60E3DC442449F6DB006A750A /* AppliedJobDescriptionView */,
				60E3DC412449F654006A750A /* AppliedJobsTableView */,
				610F21DE24479AE0002F6C40 /* Navigation */,
				539A4936243BCDCF0011AEB4 /* JobsTableView */,
				535F66B62442639A00C33355 /* JobDescriptionView */,
			);
			path = Pages;
			sourceTree = "<group>";
		};
		539A4916243BBA670011AEB4 = {
			isa = PBXGroup;
			children = (
				539A4921243BBA670011AEB4 /* Timofte_Eusebiu_353 */,
				539A4920243BBA670011AEB4 /* Products */,
			);
			sourceTree = "<group>";
		};
		539A4920243BBA670011AEB4 /* Products */ = {
			isa = PBXGroup;
			children = (
				539A491F243BBA670011AEB4 /* Timofte_Eusebiu_353.app */,
			);
			name = Products;
			sourceTree = "<group>";
		};
		539A4921243BBA670011AEB4 /* Timofte_Eusebiu_353 */ = {
			isa = PBXGroup;
			children = (
				608F5AE8244B82CE0057835B /* Timofte_Eusebiu_353.entitlements */,
				535F66B7244263C000C33355 /* Pages */,
				53117583243FD345005BB73D /* Extensions */,
				53A7931F243D44380084AD6F /* Utils */,
				539A4922243BBA670011AEB4 /* AppDelegate.swift */,
				539A4924243BBA670011AEB4 /* SceneDelegate.swift */,
				539A4928243BBA670011AEB4 /* Main.storyboard */,
				539A492B243BBA680011AEB4 /* Assets.xcassets */,
				539A492D243BBA680011AEB4 /* LaunchScreen.storyboard */,
				539A4930243BBA680011AEB4 /* Info.plist */,
			);
			path = Timofte_Eusebiu_353;
			sourceTree = "<group>";
		};
		539A4936243BCDCF0011AEB4 /* JobsTableView */ = {
			isa = PBXGroup;
			children = (
				539A4926243BBA670011AEB4 /* TableViewController.swift */,
				539A4937243BCE150011AEB4 /* FirstTableViewCell.swift */,
				53117581243FD082005BB73D /* FontHeightAdjustableLabel.swift */,
			);
			path = JobsTableView;
			sourceTree = "<group>";
		};
		53A7931F243D44380084AD6F /* Utils */ = {
			isa = PBXGroup;
			children = (
				53A79320243D44770084AD6F /* FontSizer.swift */,
				6134F9582448FBD3004E4B1A /* Job.swift */,
				6065FFD12449A80E00892644 /* DataBase.swift */,
				602EA7E0244B3D6900CA591E /* User.swift */,
				60EB40C8244DA82600E51BE1 /* Employer.swift */,
			);
			path = Utils;
			sourceTree = "<group>";
		};
		6050E28A244E0AB100F2D802 /* UsersThatApplied */ = {
			isa = PBXGroup;
			children = (
				6050E28B244E0B0D00F2D802 /* UsersThatAppliedTableTableViewController.swift */,
				6050E28D244E0B2F00F2D802 /* UserTableViewCell.swift */,
			);
			path = UsersThatApplied;
			sourceTree = "<group>";
		};
		6050E28F244E11CC00F2D802 /* UserThatAppliedDescription */ = {
			isa = PBXGroup;
			children = (
				6050E290244E11F600F2D802 /* UserThatAppliedDescriptionViewController.swift */,
			);
			path = UserThatAppliedDescription;
			sourceTree = "<group>";
		};
		6050E292244E267600F2D802 /* Employer Profile Scene */ = {
			isa = PBXGroup;
			children = (
				6050E293244E269000F2D802 /* EmployerProfileViewController.swift */,
			);
			path = "Employer Profile Scene";
			sourceTree = "<group>";
		};
		605A21E9244E51AD00B202B3 /* NotificationsScene */ = {
			isa = PBXGroup;
			children = (
				605A21EA244E51E900B202B3 /* NotificationsTableViewController.swift */,
			);
			path = NotificationsScene;
			sourceTree = "<group>";
		};
		606999D0244DDEA80094977D /* NewJobScene */ = {
			isa = PBXGroup;
			children = (
				606999D1244DDEEB0094977D /* NewJobViewController.swift */,
			);
			path = NewJobScene;
			sourceTree = "<group>";
		};
		606BFF98244B11A900963DC0 /* EmployeeProfile */ = {
			isa = PBXGroup;
			children = (
				606BFF99244B11F600963DC0 /* EmployeeProfileViewController.swift */,
			);
			path = EmployeeProfile;
			sourceTree = "<group>";
		};
		608F5AE9244B91C60057835B /* EmployeeChangePassword */ = {
			isa = PBXGroup;
			children = (
				608F5AEA244B91F30057835B /* CahngePasswordViewController.swift */,
			);
			path = EmployeeChangePassword;
			sourceTree = "<group>";
		};
		60AB1032244CE00C00721F47 /* Login */ = {
			isa = PBXGroup;
			children = (
				60AB1033244CE02500721F47 /* LoginViewController.swift */,
			);
			path = Login;
			sourceTree = "<group>";
		};
		60AF14B5244EE5500011642E /* EmployeeTabBar */ = {
			isa = PBXGroup;
			children = (
				60AF14B6244EE5780011642E /* EmployeeTabBarViewController.swift */,
			);
			path = EmployeeTabBar;
			sourceTree = "<group>";
		};
		60E3DC412449F654006A750A /* AppliedJobsTableView */ = {
			isa = PBXGroup;
			children = (
				60E3DC422449F692006A750A /* AppliedTableViewController.swift */,
			);
			path = AppliedJobsTableView;
			sourceTree = "<group>";
		};
		60E3DC442449F6DB006A750A /* AppliedJobDescriptionView */ = {
			isa = PBXGroup;
			children = (
				60E3DC452449F717006A750A /* AppliedJobDescriptionView.swift */,
			);
			path = AppliedJobDescriptionView;
			sourceTree = "<group>";
		};
		60EB40C5244DA46D00E51BE1 /* EmployerJobsController */ = {
			isa = PBXGroup;
			children = (
				60EB40C6244DA4A100E51BE1 /* EmployerJobsTableViewController.swift */,
			);
			path = EmployerJobsController;
			sourceTree = "<group>";
		};
		60EB40CA244DB22C00E51BE1 /* EmployerJobDescriptionView */ = {
			isa = PBXGroup;
			children = (
				60EB40CB244DB26000E51BE1 /* EmployerJobDescriptionViewController.swift */,
			);
			path = EmployerJobDescriptionView;
			sourceTree = "<group>";
		};
		610F21DE24479AE0002F6C40 /* Navigation */ = {
			isa = PBXGroup;
			children = (
				610F21DF24479B11002F6C40 /* NavigationController.swift */,
			);
			path = Navigation;
			sourceTree = "<group>";
		};
/* End PBXGroup section */

/* Begin PBXNativeTarget section */
		539A491E243BBA670011AEB4 /* Timofte_Eusebiu_353 */ = {
			isa = PBXNativeTarget;
			buildConfigurationList = 539A4933243BBA680011AEB4 /* Build configuration list for PBXNativeTarget "Timofte_Eusebiu_353" */;
			buildPhases = (
				539A491B243BBA670011AEB4 /* Sources */,
				539A491C243BBA670011AEB4 /* Frameworks */,
				539A491D243BBA670011AEB4 /* Resources */,
			);
			buildRules = (
			);
			dependencies = (
			);
			name = Timofte_Eusebiu_353;
			productName = Timofte_Eusebiu_353;
			productReference = 539A491F243BBA670011AEB4 /* Timofte_Eusebiu_353.app */;
			productType = "com.apple.product-type.application";
		};
/* End PBXNativeTarget section */

/* Begin PBXProject section */
		539A4917243BBA670011AEB4 /* Project object */ = {
			isa = PBXProject;
			attributes = {
				LastSwiftUpdateCheck = 1130;
				LastUpgradeCheck = 1130;
				ORGANIZATIONNAME = user169246;
				TargetAttributes = {
					539A491E243BBA670011AEB4 = {
						CreatedOnToolsVersion = 11.3.1;
					};
				};
			};
			buildConfigurationList = 539A491A243BBA670011AEB4 /* Build configuration list for PBXProject "Timofte_Eusebiu_353" */;
			compatibilityVersion = "Xcode 9.3";
			developmentRegion = en;
			hasScannedForEncodings = 0;
			knownRegions = (
				en,
				Base,
			);
			mainGroup = 539A4916243BBA670011AEB4;
			productRefGroup = 539A4920243BBA670011AEB4 /* Products */;
			projectDirPath = "";
			projectRoot = "";
			targets = (
				539A491E243BBA670011AEB4 /* Timofte_Eusebiu_353 */,
			);
		};
/* End PBXProject section */

/* Begin PBXResourcesBuildPhase section */
		539A491D243BBA670011AEB4 /* Resources */ = {
			isa = PBXResourcesBuildPhase;
			buildActionMask = 2147483647;
			files = (
				539A492F243BBA680011AEB4 /* LaunchScreen.storyboard in Resources */,
				539A492C243BBA680011AEB4 /* Assets.xcassets in Resources */,
				539A492A243BBA670011AEB4 /* Main.storyboard in Resources */,
			);
			runOnlyForDeploymentPostprocessing = 0;
		};
/* End PBXResourcesBuildPhase section */

/* Begin PBXSourcesBuildPhase section */
		539A491B243BBA670011AEB4 /* Sources */ = {
			isa = PBXSourcesBuildPhase;
			buildActionMask = 2147483647;
			files = (
				60AF14B7244EE5780011642E /* EmployeeTabBarViewController.swift in Sources */,
				60AB1034244CE02500721F47 /* LoginViewController.swift in Sources */,
				60E3DC432449F692006A750A /* AppliedTableViewController.swift in Sources */,
				60E3DC462449F717006A750A /* AppliedJobDescriptionView.swift in Sources */,
				539A4927243BBA670011AEB4 /* TableViewController.swift in Sources */,
				6050E28E244E0B2F00F2D802 /* UserTableViewCell.swift in Sources */,
				6050E294244E269000F2D802 /* EmployerProfileViewController.swift in Sources */,
				53117585243FD35A005BB73D /* StrExt.swift in Sources */,
				6050E28C244E0B0D00F2D802 /* UsersThatAppliedTableTableViewController.swift in Sources */,
				606999D2244DDEEB0094977D /* NewJobViewController.swift in Sources */,
				602EA7E1244B3D6900CA591E /* User.swift in Sources */,
				539A4938243BCE150011AEB4 /* FirstTableViewCell.swift in Sources */,
				53A79321243D44770084AD6F /* FontSizer.swift in Sources */,
				53117582243FD082005BB73D /* FontHeightAdjustableLabel.swift in Sources */,
				53C205B224432D8800C368AB /* UILabelExt.swift in Sources */,
				539A4923243BBA670011AEB4 /* AppDelegate.swift in Sources */,
				6134F9592448FBD3004E4B1A /* Job.swift in Sources */,
				610F21E024479B11002F6C40 /* NavigationController.swift in Sources */,
				605A21EB244E51E900B202B3 /* NotificationsTableViewController.swift in Sources */,
				6050E291244E11F600F2D802 /* UserThatAppliedDescriptionViewController.swift in Sources */,
				539A4925243BBA670011AEB4 /* SceneDelegate.swift in Sources */,
				608F5AEB244B91F30057835B /* CahngePasswordViewController.swift in Sources */,
				606BFF9A244B11F600963DC0 /* EmployeeProfileViewController.swift in Sources */,
				60EB40C7244DA4A100E51BE1 /* EmployerJobsTableViewController.swift in Sources */,
				6065FFD22449A80E00892644 /* DataBase.swift in Sources */,
				60EB40C9244DA82600E51BE1 /* Employer.swift in Sources */,
				60EB40CC244DB26000E51BE1 /* EmployerJobDescriptionViewController.swift in Sources */,
				535F66B92442641600C33355 /* JobDescriptionViewController.swift in Sources */,
			);
			runOnlyForDeploymentPostprocessing = 0;
		};
/* End PBXSourcesBuildPhase section */

/* Begin PBXVariantGroup section */
		539A4928243BBA670011AEB4 /* Main.storyboard */ = {
			isa = PBXVariantGroup;
			children = (
				539A4929243BBA670011AEB4 /* Base */,
			);
			name = Main.storyboard;
			sourceTree = "<group>";
		};
		539A492D243BBA680011AEB4 /* LaunchScreen.storyboard */ = {
			isa = PBXVariantGroup;
			children = (
				539A492E243BBA680011AEB4 /* Base */,
			);
			name = LaunchScreen.storyboard;
			sourceTree = "<group>";
		};
/* End PBXVariantGroup section */

/* Begin XCBuildConfiguration section */
		539A4931243BBA680011AEB4 /* Debug */ = {
			isa = XCBuildConfiguration;
			buildSettings = {
				ALWAYS_SEARCH_USER_PATHS = NO;
				CLANG_ANALYZER_NONNULL = YES;
				CLANG_ANALYZER_NUMBER_OBJECT_CONVERSION = YES_AGGRESSIVE;
				CLANG_CXX_LANGUAGE_STANDARD = "gnu++14";
				CLANG_CXX_LIBRARY = "libc++";
				CLANG_ENABLE_MODULES = YES;
				CLANG_ENABLE_OBJC_ARC = YES;
				CLANG_ENABLE_OBJC_WEAK = YES;
				CLANG_WARN_BLOCK_CAPTURE_AUTORELEASING = YES;
				CLANG_WARN_BOOL_CONVERSION = YES;
				CLANG_WARN_COMMA = YES;
				CLANG_WARN_CONSTANT_CONVERSION = YES;
				CLANG_WARN_DEPRECATED_OBJC_IMPLEMENTATIONS = YES;
				CLANG_WARN_DIRECT_OBJC_ISA_USAGE = YES_ERROR;
				CLANG_WARN_DOCUMENTATION_COMMENTS = YES;
				CLANG_WARN_EMPTY_BODY = YES;
				CLANG_WARN_ENUM_CONVERSION = YES;
				CLANG_WARN_INFINITE_RECURSION = YES;
				CLANG_WARN_INT_CONVERSION = YES;
				CLANG_WARN_NON_LITERAL_NULL_CONVERSION = YES;
				CLANG_WARN_OBJC_IMPLICIT_RETAIN_SELF = YES;
				CLANG_WARN_OBJC_LITERAL_CONVERSION = YES;
				CLANG_WARN_OBJC_ROOT_CLASS = YES_ERROR;
				CLANG_WARN_RANGE_LOOP_ANALYSIS = YES;
				CLANG_WARN_STRICT_PROTOTYPES = YES;
				CLANG_WARN_SUSPICIOUS_MOVE = YES;
				CLANG_WARN_UNGUARDED_AVAILABILITY = YES_AGGRESSIVE;
				CLANG_WARN_UNREACHABLE_CODE = YES;
				CLANG_WARN__DUPLICATE_METHOD_MATCH = YES;
				COPY_PHASE_STRIP = NO;
				DEBUG_INFORMATION_FORMAT = dwarf;
				ENABLE_STRICT_OBJC_MSGSEND = YES;
				ENABLE_TESTABILITY = YES;
				GCC_C_LANGUAGE_STANDARD = gnu11;
				GCC_DYNAMIC_NO_PIC = NO;
				GCC_NO_COMMON_BLOCKS = YES;
				GCC_OPTIMIZATION_LEVEL = 0;
				GCC_PREPROCESSOR_DEFINITIONS = (
					"DEBUG=1",
					"$(inherited)",
				);
				GCC_WARN_64_TO_32_BIT_CONVERSION = YES;
				GCC_WARN_ABOUT_RETURN_TYPE = YES_ERROR;
				GCC_WARN_UNDECLARED_SELECTOR = YES;
				GCC_WARN_UNINITIALIZED_AUTOS = YES_AGGRESSIVE;
				GCC_WARN_UNUSED_FUNCTION = YES;
				GCC_WARN_UNUSED_VARIABLE = YES;
				IPHONEOS_DEPLOYMENT_TARGET = 13.2;
				MTL_ENABLE_DEBUG_INFO = INCLUDE_SOURCE;
				MTL_FAST_MATH = YES;
				ONLY_ACTIVE_ARCH = YES;
				SDKROOT = iphoneos;
				SWIFT_ACTIVE_COMPILATION_CONDITIONS = DEBUG;
				SWIFT_OPTIMIZATION_LEVEL = "-Onone";
			};
			name = Debug;
		};
		539A4932243BBA680011AEB4 /* Release */ = {
			isa = XCBuildConfiguration;
			buildSettings = {
				ALWAYS_SEARCH_USER_PATHS = NO;
				CLANG_ANALYZER_NONNULL = YES;
				CLANG_ANALYZER_NUMBER_OBJECT_CONVERSION = YES_AGGRESSIVE;
				CLANG_CXX_LANGUAGE_STANDARD = "gnu++14";
				CLANG_CXX_LIBRARY = "libc++";
				CLANG_ENABLE_MODULES = YES;
				CLANG_ENABLE_OBJC_ARC = YES;
				CLANG_ENABLE_OBJC_WEAK = YES;
				CLANG_WARN_BLOCK_CAPTURE_AUTORELEASING = YES;
				CLANG_WARN_BOOL_CONVERSION = YES;
				CLANG_WARN_COMMA = YES;
				CLANG_WARN_CONSTANT_CONVERSION = YES;
				CLANG_WARN_DEPRECATED_OBJC_IMPLEMENTATIONS = YES;
				CLANG_WARN_DIRECT_OBJC_ISA_USAGE = YES_ERROR;
				CLANG_WARN_DOCUMENTATION_COMMENTS = YES;
				CLANG_WARN_EMPTY_BODY = YES;
				CLANG_WARN_ENUM_CONVERSION = YES;
				CLANG_WARN_INFINITE_RECURSION = YES;
				CLANG_WARN_INT_CONVERSION = YES;
				CLANG_WARN_NON_LITERAL_NULL_CONVERSION = YES;
				CLANG_WARN_OBJC_IMPLICIT_RETAIN_SELF = YES;
				CLANG_WARN_OBJC_LITERAL_CONVERSION = YES;
				CLANG_WARN_OBJC_ROOT_CLASS = YES_ERROR;
				CLANG_WARN_RANGE_LOOP_ANALYSIS = YES;
				CLANG_WARN_STRICT_PROTOTYPES = YES;
				CLANG_WARN_SUSPICIOUS_MOVE = YES;
				CLANG_WARN_UNGUARDED_AVAILABILITY = YES_AGGRESSIVE;
				CLANG_WARN_UNREACHABLE_CODE = YES;
				CLANG_WARN__DUPLICATE_METHOD_MATCH = YES;
				COPY_PHASE_STRIP = NO;
				DEBUG_INFORMATION_FORMAT = "dwarf-with-dsym";
				ENABLE_NS_ASSERTIONS = NO;
				ENABLE_STRICT_OBJC_MSGSEND = YES;
				GCC_C_LANGUAGE_STANDARD = gnu11;
				GCC_NO_COMMON_BLOCKS = YES;
				GCC_WARN_64_TO_32_BIT_CONVERSION = YES;
				GCC_WARN_ABOUT_RETURN_TYPE = YES_ERROR;
				GCC_WARN_UNDECLARED_SELECTOR = YES;
				GCC_WARN_UNINITIALIZED_AUTOS = YES_AGGRESSIVE;
				GCC_WARN_UNUSED_FUNCTION = YES;
				GCC_WARN_UNUSED_VARIABLE = YES;
				IPHONEOS_DEPLOYMENT_TARGET = 13.2;
				MTL_ENABLE_DEBUG_INFO = NO;
				MTL_FAST_MATH = YES;
				SDKROOT = iphoneos;
				SWIFT_COMPILATION_MODE = wholemodule;
				SWIFT_OPTIMIZATION_LEVEL = "-O";
				VALIDATE_PRODUCT = YES;
			};
			name = Release;
		};
		539A4934243BBA680011AEB4 /* Debug */ = {
			isa = XCBuildConfiguration;
			buildSettings = {
				ASSETCATALOG_COMPILER_APPICON_NAME = AppIcon;
				CODE_SIGN_ENTITLEMENTS = Timofte_Eusebiu_353/Timofte_Eusebiu_353.entitlements;
				CODE_SIGN_STYLE = Automatic;
				INFOPLIST_FILE = Timofte_Eusebiu_353/Info.plist;
				LD_RUNPATH_SEARCH_PATHS = (
					"$(inherited)",
					"@executable_path/Frameworks",
				);
				PRODUCT_BUNDLE_IDENTIFIER = "-.Timofte-Eusebiu-353";
				PRODUCT_NAME = "$(TARGET_NAME)";
				SWIFT_VERSION = 5.0;
				TARGETED_DEVICE_FAMILY = "1,2";
			};
			name = Debug;
		};
		539A4935243BBA680011AEB4 /* Release */ = {
			isa = XCBuildConfiguration;
			buildSettings = {
				ASSETCATALOG_COMPILER_APPICON_NAME = AppIcon;
				CODE_SIGN_ENTITLEMENTS = Timofte_Eusebiu_353/Timofte_Eusebiu_353.entitlements;
				CODE_SIGN_STYLE = Automatic;
				INFOPLIST_FILE = Timofte_Eusebiu_353/Info.plist;
				LD_RUNPATH_SEARCH_PATHS = (
					"$(inherited)",
					"@executable_path/Frameworks",
				);
				PRODUCT_BUNDLE_IDENTIFIER = "-.Timofte-Eusebiu-353";
				PRODUCT_NAME = "$(TARGET_NAME)";
				SWIFT_VERSION = 5.0;
				TARGETED_DEVICE_FAMILY = "1,2";
			};
			name = Release;
		};
/* End XCBuildConfiguration section */

/* Begin XCConfigurationList section */
		539A491A243BBA670011AEB4 /* Build configuration list for PBXProject "Timofte_Eusebiu_353" */ = {
			isa = XCConfigurationList;
			buildConfigurations = (
				539A4931243BBA680011AEB4 /* Debug */,
				539A4932243BBA680011AEB4 /* Release */,
			);
			defaultConfigurationIsVisible = 0;
			defaultConfigurationName = Release;
		};
		539A4933243BBA680011AEB4 /* Build configuration list for PBXNativeTarget "Timofte_Eusebiu_353" */ = {
			isa = XCConfigurationList;
			buildConfigurations = (
				539A4934243BBA680011AEB4 /* Debug */,
				539A4935243BBA680011AEB4 /* Release */,
			);
			defaultConfigurationIsVisible = 0;
			defaultConfigurationName = Release;
		};
/* End XCConfigurationList section */
	};
	rootObject = 539A4917243BBA670011AEB4 /* Project object */;
}
