// !$*UTF8*$!
{
	archiveVersion = 1;
	classes = {
	};
	objectVersion = 50;
	objects = {

/* Begin PBXBuildFile section */
		53117582243FD082005BB73D /* FontHeightAdjustableLabel.swift in Sources */ = {isa = PBXBuildFile; fileRef = 53117581243FD082005BB73D /* FontHeightAdjustableLabel.swift */; };
		53117585243FD35A005BB73D /* StrExt.swift in Sources */ = {isa = PBXBuildFile; fileRef = 53117584243FD35A005BB73D /* StrExt.swift */; };
		535F66B92442641600C33355 /* JobDescriptionViewController.swift in Sources */ = {isa = PBXBuildFile; fileRef = 535F66B82442641600C33355 /* JobDescriptionViewController.swift */; };
		539A4923243BBA670011AEB4 /* AppDelegate.swift in Sources */ = {isa = PBXBuildFile; fileRef = 539A4922243BBA670011AEB4 /* AppDelegate.swift */; };
		539A4925243BBA670011AEB4 /* SceneDelegate.swift in Sources */ = {isa = PBXBuildFile; fileRef = 539A4924243BBA670011AEB4 /* SceneDelegate.swift */; };
		539A4927243BBA670011AEB4 /* TableViewController.swift in Sources */ = {isa = PBXBuildFile; fileRef = 539A4926243BBA670011AEB4 /* TableViewController.swift */; };
		539A492A243BBA670011AEB4 /* Main.storyboard in Resources */ = {isa = PBXBuildFile; fileRef = 539A4928243BBA670011AEB4 /* Main.storyboard */; };
		539A492C243BBA680011AEB4 /* Assets.xcassets in Resources */ = {isa = PBXBuildFile; fileRef = 539A492B243BBA680011AEB4 /* Assets.xcassets */; };
		539A492F243BBA680011AEB4 /* LaunchScreen.storyboard in Resources */ = {isa = PBXBuildFile; fileRef = 539A492D243BBA680011AEB4 /* LaunchScreen.storyboard */; };
		539A4938243BCE150011AEB4 /* FirstTableViewCell.swift in Sources */ = {isa = PBXBuildFile; fileRef = 539A4937243BCE150011AEB4 /* FirstTableViewCell.swift */; };
		53A79321243D44770084AD6F /* FontSizer.swift in Sources */ = {isa = PBXBuildFile; fileRef = 53A79320243D44770084AD6F /* FontSizer.swift */; };
		53C205B224432D8800C368AB /* UILabelExt.swift in Sources */ = {isa = PBXBuildFile; fileRef = 53C205B124432D8800C368AB /* UILabelExt.swift */; };
		6065FFD22449A80E00892644 /* DataBase.swift in Sources */ = {isa = PBXBuildFile; fileRef = 6065FFD12449A80E00892644 /* DataBase.swift */; };
		610F21E024479B11002F6C40 /* NavigationController.swift in Sources */ = {isa = PBXBuildFile; fileRef = 610F21DF24479B11002F6C40 /* NavigationController.swift */; };
		6134F9592448FBD3004E4B1A /* Job.swift in Sources */ = {isa = PBXBuildFile; fileRef = 6134F9582448FBD3004E4B1A /* Job.swift */; };
/* End PBXBuildFile section */

/* Begin PBXFileReference section */
		53117581243FD082005BB73D /* FontHeightAdjustableLabel.swift */ = {isa = PBXFileReference; lastKnownFileType = sourcecode.swift; path = FontHeightAdjustableLabel.swift; sourceTree = "<group>"; };
		53117584243FD35A005BB73D /* StrExt.swift */ = {isa = PBXFileReference; lastKnownFileType = sourcecode.swift; path = StrExt.swift; sourceTree = "<group>"; };
		535F66B82442641600C33355 /* JobDescriptionViewController.swift */ = {isa = PBXFileReference; lastKnownFileType = sourcecode.swift; path = JobDescriptionViewController.swift; sourceTree = "<group>"; };
		539A491F243BBA670011AEB4 /* Timofte_Eusebiu_353.app */ = {isa = PBXFileReference; explicitFileType = wrapper.application; includeInIndex = 0; path = Timofte_Eusebiu_353.app; sourceTree = BUILT_PRODUCTS_DIR; };
		539A4922243BBA670011AEB4 /* AppDelegate.swift */ = {isa = PBXFileReference; lastKnownFileType = sourcecode.swift; path = AppDelegate.swift; sourceTree = "<group>"; };
		539A4924243BBA670011AEB4 /* SceneDelegate.swift */ = {isa = PBXFileReference; lastKnownFileType = sourcecode.swift; path = SceneDelegate.swift; sourceTree = "<group>"; };
		539A4926243BBA670011AEB4 /* TableViewController.swift */ = {isa = PBXFileReference; lastKnownFileType = sourcecode.swift; path = TableViewController.swift; sourceTree = "<group>"; };
		539A4929243BBA670011AEB4 /* Base */ = {isa = PBXFileReference; lastKnownFileType = file.storyboard; name = Base; path = Base.lproj/Main.storyboard; sourceTree = "<group>"; };
		539A492B243BBA680011AEB4 /* Assets.xcassets */ = {isa = PBXFileReference; lastKnownFileType = folder.assetcatalog; path = Assets.xcassets; sourceTree = "<group>"; };
		539A492E243BBA680011AEB4 /* Base */ = {isa = PBXFileReference; lastKnownFileType = file.storyboard; name = Base; path = Base.lproj/LaunchScreen.storyboard; sourceTree = "<group>"; };
		539A4930243BBA680011AEB4 /* Info.plist */ = {isa = PBXFileReference; lastKnownFileType = text.plist.xml; path = Info.plist; sourceTree = "<group>"; };
		539A4937243BCE150011AEB4 /* FirstTableViewCell.swift */ = {isa = PBXFileReference; lastKnownFileType = sourcecode.swift; path = FirstTableViewCell.swift; sourceTree = "<group>"; };
		53A79320243D44770084AD6F /* FontSizer.swift */ = {isa = PBXFileReference; lastKnownFileType = sourcecode.swift; path = FontSizer.swift; sourceTree = "<group>"; };
		53C205B124432D8800C368AB /* UILabelExt.swift */ = {isa = PBXFileReference; lastKnownFileType = sourcecode.swift; path = UILabelExt.swift; sourceTree = "<group>"; };
		6065FFD12449A80E00892644 /* DataBase.swift */ = {isa = PBXFileReference; lastKnownFileType = sourcecode.swift; path = DataBase.swift; sourceTree = "<group>"; };
		610F21DF24479B11002F6C40 /* NavigationController.swift */ = {isa = PBXFileReference; lastKnownFileType = sourcecode.swift; path = NavigationController.swift; sourceTree = "<group>"; };
		6134F9582448FBD3004E4B1A /* Job.swift */ = {isa = PBXFileReference; lastKnownFileType = sourcecode.swift; path = Job.swift; sourceTree = "<group>"; };
/* End PBXFileReference section */

/* Begin PBXFrameworksBuildPhase section */
		539A491C243BBA670011AEB4 /* Frameworks */ = {
			isa = PBXFrameworksBuildPhase;
			buildActionMask = 2147483647;
			files = (
			);
			runOnlyForDeploymentPostprocessing = 0;
		};
/* End PBXFrameworksBuildPhase section */

/* Begin PBXGroup section */
		53117583243FD345005BB73D /* Extensions */ = {
			isa = PBXGroup;
			children = (
				53117584243FD35A005BB73D /* StrExt.swift */,
				53C205B124432D8800C368AB /* UILabelExt.swift */,
			);
			path = Extensions;
			sourceTree = "<group>";
		};
		535F66B62442639A00C33355 /* JobDescriptionView */ = {
			isa = PBXGroup;
			children = (
				535F66B82442641600C33355 /* JobDescriptionViewController.swift */,
			);
			path = JobDescriptionView;
			sourceTree = "<group>";
		};
		535F66B7244263C000C33355 /* Pages */ = {
			isa = PBXGroup;
			children = (
				610F21DE24479AE0002F6C40 /* Navigation */,
				539A4936243BCDCF0011AEB4 /* JobsTableView */,
				535F66B62442639A00C33355 /* JobDescriptionView */,
			);
			path = Pages;
			sourceTree = "<group>";
		};
		539A4916243BBA670011AEB4 = {
			isa = PBXGroup;
			children = (
				539A4921243BBA670011AEB4 /* Timofte_Eusebiu_353 */,
				539A4920243BBA670011AEB4 /* Products */,
			);
			sourceTree = "<group>";
		};
		539A4920243BBA670011AEB4 /* Products */ = {
			isa = PBXGroup;
			children = (
				539A491F243BBA670011AEB4 /* Timofte_Eusebiu_353.app */,
			);
			name = Products;
			sourceTree = "<group>";
		};
		539A4921243BBA670011AEB4 /* Timofte_Eusebiu_353 */ = {
			isa = PBXGroup;
			children = (
				535F66B7244263C000C33355 /* Pages */,
				53117583243FD345005BB73D /* Extensions */,
				53A7931F243D44380084AD6F /* Utils */,
				539A4922243BBA670011AEB4 /* AppDelegate.swift */,
				539A4924243BBA670011AEB4 /* SceneDelegate.swift */,
				539A4928243BBA670011AEB4 /* Main.storyboard */,
				539A492B243BBA680011AEB4 /* Assets.xcassets */,
				539A492D243BBA680011AEB4 /* LaunchScreen.storyboard */,
				539A4930243BBA680011AEB4 /* Info.plist */,
			);
			path = Timofte_Eusebiu_353;
			sourceTree = "<group>";
		};
		539A4936243BCDCF0011AEB4 /* JobsTableView */ = {
			isa = PBXGroup;
			children = (
				539A4926243BBA670011AEB4 /* TableViewController.swift */,
				539A4937243BCE150011AEB4 /* FirstTableViewCell.swift */,
				53117581243FD082005BB73D /* FontHeightAdjustableLabel.swift */,
			);
			path = JobsTableView;
			sourceTree = "<group>";
		};
		53A7931F243D44380084AD6F /* Utils */ = {
			isa = PBXGroup;
			children = (
				53A79320243D44770084AD6F /* FontSizer.swift */,
				6134F9582448FBD3004E4B1A /* Job.swift */,
				6065FFD12449A80E00892644 /* DataBase.swift */,
			);
			path = Utils;
			sourceTree = "<group>";
		};
		610F21DE24479AE0002F6C40 /* Navigation */ = {
			isa = PBXGroup;
			children = (
				610F21DF24479B11002F6C40 /* NavigationController.swift */,
			);
			path = Navigation;
			sourceTree = "<group>";
		};
/* End PBXGroup section */

/* Begin PBXNativeTarget section */
		539A491E243BBA670011AEB4 /* Timofte_Eusebiu_353 */ = {
			isa = PBXNativeTarget;
			buildConfigurationList = 539A4933243BBA680011AEB4 /* Build configuration list for PBXNativeTarget "Timofte_Eusebiu_353" */;
			buildPhases = (
				539A491B243BBA670011AEB4 /* Sources */,
				539A491C243BBA670011AEB4 /* Frameworks */,
				539A491D243BBA670011AEB4 /* Resources */,
			);
			buildRules = (
			);
			dependencies = (
			);
			name = Timofte_Eusebiu_353;
			productName = Timofte_Eusebiu_353;
			productReference = 539A491F243BBA670011AEB4 /* Timofte_Eusebiu_353.app */;
			productType = "com.apple.product-type.application";
		};
/* End PBXNativeTarget section */

/* Begin PBXProject section */
		539A4917243BBA670011AEB4 /* Project object */ = {
			isa = PBXProject;
			attributes = {
				LastSwiftUpdateCheck = 1130;
				LastUpgradeCheck = 1130;
				ORGANIZATIONNAME = user169246;
				TargetAttributes = {
					539A491E243BBA670011AEB4 = {
						CreatedOnToolsVersion = 11.3.1;
					};
				};
			};
			buildConfigurationList = 539A491A243BBA670011AEB4 /* Build configuration list for PBXProject "Timofte_Eusebiu_353" */;
			compatibilityVersion = "Xcode 9.3";
			developmentRegion = en;
			hasScannedForEncodings = 0;
			knownRegions = (
				en,
				Base,
			);
			mainGroup = 539A4916243BBA670011AEB4;
			productRefGroup = 539A4920243BBA670011AEB4 /* Products */;
			projectDirPath = "";
			projectRoot = "";
			targets = (
				539A491E243BBA670011AEB4 /* Timofte_Eusebiu_353 */,
			);
		};
/* End PBXProject section */

/* Begin PBXResourcesBuildPhase section */
		539A491D243BBA670011AEB4 /* Resources */ = {
			isa = PBXResourcesBuildPhase;
			buildActionMask = 2147483647;
			files = (
				539A492F243BBA680011AEB4 /* LaunchScreen.storyboard in Resources */,
				539A492C243BBA680011AEB4 /* Assets.xcassets in Resources */,
				539A492A243BBA670011AEB4 /* Main.storyboard in Resources */,
			);
			runOnlyForDeploymentPostprocessing = 0;
		};
/* End PBXResourcesBuildPhase section */

/* Begin PBXSourcesBuildPhase section */
		539A491B243BBA670011AEB4 /* Sources */ = {
			isa = PBXSourcesBuildPhase;
			buildActionMask = 2147483647;
			files = (
				539A4927243BBA670011AEB4 /* TableViewController.swift in Sources */,
				53117585243FD35A005BB73D /* StrExt.swift in Sources */,
				539A4938243BCE150011AEB4 /* FirstTableViewCell.swift in Sources */,
				53A79321243D44770084AD6F /* FontSizer.swift in Sources */,
				53117582243FD082005BB73D /* FontHeightAdjustableLabel.swift in Sources */,
				53C205B224432D8800C368AB /* UILabelExt.swift in Sources */,
				539A4923243BBA670011AEB4 /* AppDelegate.swift in Sources */,
				6134F9592448FBD3004E4B1A /* Job.swift in Sources */,
				610F21E024479B11002F6C40 /* NavigationController.swift in Sources */,
				539A4925243BBA670011AEB4 /* SceneDelegate.swift in Sources */,
				6065FFD22449A80E00892644 /* DataBase.swift in Sources */,
				535F66B92442641600C33355 /* JobDescriptionViewController.swift in Sources */,
			);
			runOnlyForDeploymentPostprocessing = 0;
		};
/* End PBXSourcesBuildPhase section */

/* Begin PBXVariantGroup section */
		539A4928243BBA670011AEB4 /* Main.storyboard */ = {
			isa = PBXVariantGroup;
			children = (
				539A4929243BBA670011AEB4 /* Base */,
			);
			name = Main.storyboard;
			sourceTree = "<group>";
		};
		539A492D243BBA680011AEB4 /* LaunchScreen.storyboard */ = {
			isa = PBXVariantGroup;
			children = (
				539A492E243BBA680011AEB4 /* Base */,
			);
			name = LaunchScreen.storyboard;
			sourceTree = "<group>";
		};
/* End PBXVariantGroup section */

/* Begin XCBuildConfiguration section */
		539A4931243BBA680011AEB4 /* Debug */ = {
			isa = XCBuildConfiguration;
			buildSettings = {
				ALWAYS_SEARCH_USER_PATHS = NO;
				CLANG_ANALYZER_NONNULL = YES;
				CLANG_ANALYZER_NUMBER_OBJECT_CONVERSION = YES_AGGRESSIVE;
				CLANG_CXX_LANGUAGE_STANDARD = "gnu++14";
				CLANG_CXX_LIBRARY = "libc++";
				CLANG_ENABLE_MODULES = YES;
				CLANG_ENABLE_OBJC_ARC = YES;
				CLANG_ENABLE_OBJC_WEAK = YES;
				CLANG_WARN_BLOCK_CAPTURE_AUTORELEASING = YES;
				CLANG_WARN_BOOL_CONVERSION = YES;
				CLANG_WARN_COMMA = YES;
				CLANG_WARN_CONSTANT_CONVERSION = YES;
				CLANG_WARN_DEPRECATED_OBJC_IMPLEMENTATIONS = YES;
				CLANG_WARN_DIRECT_OBJC_ISA_USAGE = YES_ERROR;
				CLANG_WARN_DOCUMENTATION_COMMENTS = YES;
				CLANG_WARN_EMPTY_BODY = YES;
				CLANG_WARN_ENUM_CONVERSION = YES;
				CLANG_WARN_INFINITE_RECURSION = YES;
				CLANG_WARN_INT_CONVERSION = YES;
				CLANG_WARN_NON_LITERAL_NULL_CONVERSION = YES;
				CLANG_WARN_OBJC_IMPLICIT_RETAIN_SELF = YES;
				CLANG_WARN_OBJC_LITERAL_CONVERSION = YES;
				CLANG_WARN_OBJC_ROOT_CLASS = YES_ERROR;
				CLANG_WARN_RANGE_LOOP_ANALYSIS = YES;
				CLANG_WARN_STRICT_PROTOTYPES = YES;
				CLANG_WARN_SUSPICIOUS_MOVE = YES;
				CLANG_WARN_UNGUARDED_AVAILABILITY = YES_AGGRESSIVE;
				CLANG_WARN_UNREACHABLE_CODE = YES;
				CLANG_WARN__DUPLICATE_METHOD_MATCH = YES;
				COPY_PHASE_STRIP = NO;
				DEBUG_INFORMATION_FORMAT = dwarf;
				ENABLE_STRICT_OBJC_MSGSEND = YES;
				ENABLE_TESTABILITY = YES;
				GCC_C_LANGUAGE_STANDARD = gnu11;
				GCC_DYNAMIC_NO_PIC = NO;
				GCC_NO_COMMON_BLOCKS = YES;
				GCC_OPTIMIZATION_LEVEL = 0;
				GCC_PREPROCESSOR_DEFINITIONS = (
					"DEBUG=1",
					"$(inherited)",
				);
				GCC_WARN_64_TO_32_BIT_CONVERSION = YES;
				GCC_WARN_ABOUT_RETURN_TYPE = YES_ERROR;
				GCC_WARN_UNDECLARED_SELECTOR = YES;
				GCC_WARN_UNINITIALIZED_AUTOS = YES_AGGRESSIVE;
				GCC_WARN_UNUSED_FUNCTION = YES;
				GCC_WARN_UNUSED_VARIABLE = YES;
				IPHONEOS_DEPLOYMENT_TARGET = 13.2;
				MTL_ENABLE_DEBUG_INFO = INCLUDE_SOURCE;
				MTL_FAST_MATH = YES;
				ONLY_ACTIVE_ARCH = YES;
				SDKROOT = iphoneos;
				SWIFT_ACTIVE_COMPILATION_CONDITIONS = DEBUG;
				SWIFT_OPTIMIZATION_LEVEL = "-Onone";
			};
			name = Debug;
		};
		539A4932243BBA680011AEB4 /* Release */ = {
			isa = XCBuildConfiguration;
			buildSettings = {
				ALWAYS_SEARCH_USER_PATHS = NO;
				CLANG_ANALYZER_NONNULL = YES;
				CLANG_ANALYZER_NUMBER_OBJECT_CONVERSION = YES_AGGRESSIVE;
				CLANG_CXX_LANGUAGE_STANDARD = "gnu++14";
				CLANG_CXX_LIBRARY = "libc++";
				CLANG_ENABLE_MODULES = YES;
				CLANG_ENABLE_OBJC_ARC = YES;
				CLANG_ENABLE_OBJC_WEAK = YES;
				CLANG_WARN_BLOCK_CAPTURE_AUTORELEASING = YES;
				CLANG_WARN_BOOL_CONVERSION = YES;
				CLANG_WARN_COMMA = YES;
				CLANG_WARN_CONSTANT_CONVERSION = YES;
				CLANG_WARN_DEPRECATED_OBJC_IMPLEMENTATIONS = YES;
				CLANG_WARN_DIRECT_OBJC_ISA_USAGE = YES_ERROR;
				CLANG_WARN_DOCUMENTATION_COMMENTS = YES;
				CLANG_WARN_EMPTY_BODY = YES;
				CLANG_WARN_ENUM_CONVERSION = YES;
				CLANG_WARN_INFINITE_RECURSION = YES;
				CLANG_WARN_INT_CONVERSION = YES;
				CLANG_WARN_NON_LITERAL_NULL_CONVERSION = YES;
				CLANG_WARN_OBJC_IMPLICIT_RETAIN_SELF = YES;
				CLANG_WARN_OBJC_LITERAL_CONVERSION = YES;
				CLANG_WARN_OBJC_ROOT_CLASS = YES_ERROR;
				CLANG_WARN_RANGE_LOOP_ANALYSIS = YES;
				CLANG_WARN_STRICT_PROTOTYPES = YES;
				CLANG_WARN_SUSPICIOUS_MOVE = YES;
				CLANG_WARN_UNGUARDED_AVAILABILITY = YES_AGGRESSIVE;
				CLANG_WARN_UNREACHABLE_CODE = YES;
				CLANG_WARN__DUPLICATE_METHOD_MATCH = YES;
				COPY_PHASE_STRIP = NO;
				DEBUG_INFORMATION_FORMAT = "dwarf-with-dsym";
				ENABLE_NS_ASSERTIONS = NO;
				ENABLE_STRICT_OBJC_MSGSEND = YES;
				GCC_C_LANGUAGE_STANDARD = gnu11;
				GCC_NO_COMMON_BLOCKS = YES;
				GCC_WARN_64_TO_32_BIT_CONVERSION = YES;
				GCC_WARN_ABOUT_RETURN_TYPE = YES_ERROR;
				GCC_WARN_UNDECLARED_SELECTOR = YES;
				GCC_WARN_UNINITIALIZED_AUTOS = YES_AGGRESSIVE;
				GCC_WARN_UNUSED_FUNCTION = YES;
				GCC_WARN_UNUSED_VARIABLE = YES;
				IPHONEOS_DEPLOYMENT_TARGET = 13.2;
				MTL_ENABLE_DEBUG_INFO = NO;
				MTL_FAST_MATH = YES;
				SDKROOT = iphoneos;
				SWIFT_COMPILATION_MODE = wholemodule;
				SWIFT_OPTIMIZATION_LEVEL = "-O";
				VALIDATE_PRODUCT = YES;
			};
			name = Release;
		};
		539A4934243BBA680011AEB4 /* Debug */ = {
			isa = XCBuildConfiguration;
			buildSettings = {
				ASSETCATALOG_COMPILER_APPICON_NAME = AppIcon;
				CODE_SIGN_STYLE = Automatic;
				INFOPLIST_FILE = Timofte_Eusebiu_353/Info.plist;
				LD_RUNPATH_SEARCH_PATHS = (
					"$(inherited)",
					"@executable_path/Frameworks",
				);
				PRODUCT_BUNDLE_IDENTIFIER = "-.Timofte-Eusebiu-353";
				PRODUCT_NAME = "$(TARGET_NAME)";
				SWIFT_VERSION = 5.0;
				TARGETED_DEVICE_FAMILY = "1,2";
			};
			name = Debug;
		};
		539A4935243BBA680011AEB4 /* Release */ = {
			isa = XCBuildConfiguration;
			buildSettings = {
				ASSETCATALOG_COMPILER_APPICON_NAME = AppIcon;
				CODE_SIGN_STYLE = Automatic;
				INFOPLIST_FILE = Timofte_Eusebiu_353/Info.plist;
				LD_RUNPATH_SEARCH_PATHS = (
					"$(inherited)",
					"@executable_path/Frameworks",
				);
				PRODUCT_BUNDLE_IDENTIFIER = "-.Timofte-Eusebiu-353";
				PRODUCT_NAME = "$(TARGET_NAME)";
				SWIFT_VERSION = 5.0;
				TARGETED_DEVICE_FAMILY = "1,2";
			};
			name = Release;
		};
/* End XCBuildConfiguration section */

/* Begin XCConfigurationList section */
		539A491A243BBA670011AEB4 /* Build configuration list for PBXProject "Timofte_Eusebiu_353" */ = {
			isa = XCConfigurationList;
			buildConfigurations = (
				539A4931243BBA680011AEB4 /* Debug */,
				539A4932243BBA680011AEB4 /* Release */,
			);
			defaultConfigurationIsVisible = 0;
			defaultConfigurationName = Release;
		};
		539A4933243BBA680011AEB4 /* Build configuration list for PBXNativeTarget "Timofte_Eusebiu_353" */ = {
			isa = XCConfigurationList;
			buildConfigurations = (
				539A4934243BBA680011AEB4 /* Debug */,
				539A4935243BBA680011AEB4 /* Release */,
			);
			defaultConfigurationIsVisible = 0;
			defaultConfigurationName = Release;
		};
/* End XCConfigurationList section */
	};
	rootObject = 539A4917243BBA670011AEB4 /* Project object */;
}
